
Microsoft Visual Studio Solution File, Format Version 12.00
# Visual Studio Version 17
VisualStudioVersion = 17.0.31903.59
MinimumVisualStudioVersion = 10.0.40219.1
Project("{2150E333-8FDC-42A3-9474-1A3956D46DE8}") = "src", "src", "{79C19A6C-5E72-4DEA-99AF-4E1A7384F6A0}"
EndProject
Project("{F2A71F9B-5D33-465A-A702-920D77279786}") = "Cepaf", "src\Cepaf\Cepaf.fsproj", "{9CF554FB-FDAD-493F-A0DA-216D91192F8E}"
EndProject
Project("{F2A71F9B-5D33-465A-A702-920D77279786}") = "Cepaf.Podman", "src\Cepaf.Podman\Cepaf.Podman.fsproj", "{B8F2D3A1-5E72-4DEA-99AF-4E1A7384F6B1}"
EndProject
Project("{F2A71F9B-5D33-465A-A702-920D77279786}") = "Cepaf.Bridge", "src\Cepaf.Bridge\Cepaf.Bridge.fsproj", "{F9F2D3A5-5E72-4DEA-99AF-4E1A7384F6F5}"
EndProject
Project("{2150E333-8FDC-42A3-9474-1A3956D46DE8}") = "test", "test", "{D19C8607-45C6-4DAB-BC07-5DB44155B813}"
EndProject
Project("{F2A71F9B-5D33-465A-A702-920D77279786}") = "Cepaf.Tests", "test\Cepaf.Tests\Cepaf.Tests.fsproj", "{4EB69D7B-3DF0-4716-81A7-4621A0F27B94}"
EndProject
Project("{F2A71F9B-5D33-465A-A702-920D77279786}") = "Cepaf.IndrajaalTest", "test\Cepaf.IndrajaalTest\Cepaf.IndrajaalTest.fsproj", "{A1B2C3D4-5E72-4DEA-99AF-4E1A7384F6A6}"
EndProject
Project("{2150E333-8FDC-42A3-9474-1A3956D46DE8}") = "tests", "tests", "{E19C8607-45C6-4DAB-BC07-5DB44155B814}"
EndProject
Project("{F2A71F9B-5D33-465A-A702-920D77279786}") = "Cepaf.Podman.Tests", "tests\Cepaf.Podman.Tests\Cepaf.Podman.Tests.fsproj", "{C8F2D3A2-5E72-4DEA-99AF-4E1A7384F6C2}"
EndProject
Project("{2150E333-8FDC-42A3-9474-1A3956D46DE8}") = "tools", "tools", "{F19C8607-45C6-4DAB-BC07-5DB44155B815}"
EndProject
Project("{F2A71F9B-5D33-465A-A702-920D77279786}") = "Cepaf.Podman.Cli", "tools\Cepaf.Podman.Cli\Cepaf.Podman.Cli.fsproj", "{D8F2D3A3-5E72-4DEA-99AF-4E1A7384F6D3}"
EndProject
Project("{2150E333-8FDC-42A3-9474-1A3956D46DE8}") = "benchmarks", "benchmarks", "{A19C8607-45C6-4DAB-BC07-5DB44155B816}"
EndProject
Project("{F2A71F9B-5D33-465A-A702-920D77279786}") = "Cepaf.Podman.Benchmarks", "benchmarks\Cepaf.Podman.Benchmarks\Cepaf.Podman.Benchmarks.fsproj", "{E8F2D3A4-5E72-4DEA-99AF-4E1A7384F6E4}"
EndProject
Project("{F2A71F9B-5D33-465A-A702-920D77279786}") = "Cepaf.Smriti.Shared", "src\Cepaf.Smriti.Shared\Cepaf.Smriti.Shared.fsproj", "{F2AACC29-CC7E-40EA-9E07-7A24EAF950F6}"
EndProject
Project("{F2A71F9B-5D33-465A-A702-920D77279786}") = "Cepaf.Smriti.Api", "src\Cepaf.Smriti.Api\Cepaf.Smriti.Api.fsproj", "{E5AEF93B-81DE-4635-973A-8C5B14B5ACC2}"
EndProject
Project("{F2A71F9B-5D33-465A-A702-920D77279786}") = "Cepaf.Smriti.Client", "src\Cepaf.Smriti.Client\Cepaf.Smriti.Client.fsproj", "{30D2E236-37F8-4DAB-AF7D-919359F5C373}"
EndProject
Project("{F2A71F9B-5D33-465A-A702-920D77279786}") = "Cepaf.Config", "src\Cepaf.Config\Cepaf.Config.fsproj", "{A755F2A9-EC16-42FE-B60D-CC8D6005603C}"
EndProject
Project("{F2A71F9B-5D33-465A-A702-920D77279786}") = "Cepaf.Cockpit.CLI", "src\Cepaf.Cockpit.CLI\Cepaf.Cockpit.CLI.fsproj", "{2D774F58-0F0A-4BEC-A192-E91C64DEE42E}"
EndProject
Project("{F2A71F9B-5D33-465A-A702-920D77279786}") = "Cepaf.Cockpit", "src\Cepaf.Cockpit\Cepaf.Cockpit.fsproj", "{B9E8BCCB-A770-4899-96D4-D011C4E58844}"
EndProject
Project("{F2A71F9B-5D33-465A-A702-920D77279786}") = "Cepaf.Smriti", "src\Cepaf.Smriti\Cepaf.Smriti.fsproj", "{3BBD59F7-2483-4ED5-A764-B027A87ED65E}"
EndProject
Global
	GlobalSection(SolutionConfigurationPlatforms) = preSolution
		Debug|Any CPU = Debug|Any CPU
		Debug|x64 = Debug|x64
		Debug|x86 = Debug|x86
		Release|Any CPU = Release|Any CPU
		Release|x64 = Release|x64
		Release|x86 = Release|x86
	EndGlobalSection
	GlobalSection(ProjectConfigurationPlatforms) = postSolution
		{9CF554FB-FDAD-493F-A0DA-216D91192F8E}.Debug|Any CPU.ActiveCfg = Debug|Any CPU
		{9CF554FB-FDAD-493F-A0DA-216D91192F8E}.Debug|Any CPU.Build.0 = Debug|Any CPU
		{9CF554FB-FDAD-493F-A0DA-216D91192F8E}.Debug|x64.ActiveCfg = Debug|Any CPU
		{9CF554FB-FDAD-493F-A0DA-216D91192F8E}.Debug|x64.Build.0 = Debug|Any CPU
		{9CF554FB-FDAD-493F-A0DA-216D91192F8E}.Debug|x86.ActiveCfg = Debug|Any CPU
		{9CF554FB-FDAD-493F-A0DA-216D91192F8E}.Debug|x86.Build.0 = Debug|Any CPU
		{9CF554FB-FDAD-493F-A0DA-216D91192F8E}.Release|Any CPU.ActiveCfg = Release|Any CPU
		{9CF554FB-FDAD-493F-A0DA-216D91192F8E}.Release|Any CPU.Build.0 = Release|Any CPU
		{9CF554FB-FDAD-493F-A0DA-216D91192F8E}.Release|x64.ActiveCfg = Release|Any CPU
		{9CF554FB-FDAD-493F-A0DA-216D91192F8E}.Release|x64.Build.0 = Release|Any CPU
		{9CF554FB-FDAD-493F-A0DA-216D91192F8E}.Release|x86.ActiveCfg = Release|Any CPU
		{9CF554FB-FDAD-493F-A0DA-216D91192F8E}.Release|x86.Build.0 = Release|Any CPU
		{B8F2D3A1-5E72-4DEA-99AF-4E1A7384F6B1}.Debug|Any CPU.ActiveCfg = Debug|Any CPU
		{B8F2D3A1-5E72-4DEA-99AF-4E1A7384F6B1}.Debug|Any CPU.Build.0 = Debug|Any CPU
		{B8F2D3A1-5E72-4DEA-99AF-4E1A7384F6B1}.Debug|x64.ActiveCfg = Debug|Any CPU
		{B8F2D3A1-5E72-4DEA-99AF-4E1A7384F6B1}.Debug|x64.Build.0 = Debug|Any CPU
		{B8F2D3A1-5E72-4DEA-99AF-4E1A7384F6B1}.Debug|x86.ActiveCfg = Debug|Any CPU
		{B8F2D3A1-5E72-4DEA-99AF-4E1A7384F6B1}.Debug|x86.Build.0 = Debug|Any CPU
		{B8F2D3A1-5E72-4DEA-99AF-4E1A7384F6B1}.Release|Any CPU.ActiveCfg = Release|Any CPU
		{B8F2D3A1-5E72-4DEA-99AF-4E1A7384F6B1}.Release|Any CPU.Build.0 = Release|Any CPU
		{B8F2D3A1-5E72-4DEA-99AF-4E1A7384F6B1}.Release|x64.ActiveCfg = Release|Any CPU
		{B8F2D3A1-5E72-4DEA-99AF-4E1A7384F6B1}.Release|x64.Build.0 = Release|Any CPU
		{B8F2D3A1-5E72-4DEA-99AF-4E1A7384F6B1}.Release|x86.ActiveCfg = Release|Any CPU
		{B8F2D3A1-5E72-4DEA-99AF-4E1A7384F6B1}.Release|x86.Build.0 = Release|Any CPU
		{F9F2D3A5-5E72-4DEA-99AF-4E1A7384F6F5}.Debug|Any CPU.ActiveCfg = Debug|Any CPU
		{F9F2D3A5-5E72-4DEA-99AF-4E1A7384F6F5}.Debug|Any CPU.Build.0 = Debug|Any CPU
		{F9F2D3A5-5E72-4DEA-99AF-4E1A7384F6F5}.Debug|x64.ActiveCfg = Debug|Any CPU
		{F9F2D3A5-5E72-4DEA-99AF-4E1A7384F6F5}.Debug|x64.Build.0 = Debug|Any CPU
		{F9F2D3A5-5E72-4DEA-99AF-4E1A7384F6F5}.Debug|x86.ActiveCfg = Debug|Any CPU
		{F9F2D3A5-5E72-4DEA-99AF-4E1A7384F6F5}.Debug|x86.Build.0 = Debug|Any CPU
		{F9F2D3A5-5E72-4DEA-99AF-4E1A7384F6F5}.Release|Any CPU.ActiveCfg = Release|Any CPU
		{F9F2D3A5-5E72-4DEA-99AF-4E1A7384F6F5}.Release|Any CPU.Build.0 = Release|Any CPU
		{F9F2D3A5-5E72-4DEA-99AF-4E1A7384F6F5}.Release|x64.ActiveCfg = Release|Any CPU
		{F9F2D3A5-5E72-4DEA-99AF-4E1A7384F6F5}.Release|x64.Build.0 = Release|Any CPU
		{F9F2D3A5-5E72-4DEA-99AF-4E1A7384F6F5}.Release|x86.ActiveCfg = Release|Any CPU
		{F9F2D3A5-5E72-4DEA-99AF-4E1A7384F6F5}.Release|x86.Build.0 = Release|Any CPU
		{4EB69D7B-3DF0-4716-81A7-4621A0F27B94}.Debug|Any CPU.ActiveCfg = Debug|Any CPU
		{4EB69D7B-3DF0-4716-81A7-4621A0F27B94}.Debug|Any CPU.Build.0 = Debug|Any CPU
		{4EB69D7B-3DF0-4716-81A7-4621A0F27B94}.Debug|x64.ActiveCfg = Debug|Any CPU
		{4EB69D7B-3DF0-4716-81A7-4621A0F27B94}.Debug|x64.Build.0 = Debug|Any CPU
		{4EB69D7B-3DF0-4716-81A7-4621A0F27B94}.Debug|x86.ActiveCfg = Debug|Any CPU
		{4EB69D7B-3DF0-4716-81A7-4621A0F27B94}.Debug|x86.Build.0 = Debug|Any CPU
		{4EB69D7B-3DF0-4716-81A7-4621A0F27B94}.Release|Any CPU.ActiveCfg = Release|Any CPU
		{4EB69D7B-3DF0-4716-81A7-4621A0F27B94}.Release|Any CPU.Build.0 = Release|Any CPU
		{4EB69D7B-3DF0-4716-81A7-4621A0F27B94}.Release|x64.ActiveCfg = Release|Any CPU
		{4EB69D7B-3DF0-4716-81A7-4621A0F27B94}.Release|x64.Build.0 = Release|Any CPU
		{4EB69D7B-3DF0-4716-81A7-4621A0F27B94}.Release|x86.ActiveCfg = Release|Any CPU
		{4EB69D7B-3DF0-4716-81A7-4621A0F27B94}.Release|x86.Build.0 = Release|Any CPU
		{A1B2C3D4-5E72-4DEA-99AF-4E1A7384F6A6}.Debug|Any CPU.ActiveCfg = Debug|Any CPU
		{A1B2C3D4-5E72-4DEA-99AF-4E1A7384F6A6}.Debug|Any CPU.Build.0 = Debug|Any CPU
		{A1B2C3D4-5E72-4DEA-99AF-4E1A7384F6A6}.Debug|x64.ActiveCfg = Debug|Any CPU
		{A1B2C3D4-5E72-4DEA-99AF-4E1A7384F6A6}.Debug|x64.Build.0 = Debug|Any CPU
		{A1B2C3D4-5E72-4DEA-99AF-4E1A7384F6A6}.Debug|x86.ActiveCfg = Debug|Any CPU
		{A1B2C3D4-5E72-4DEA-99AF-4E1A7384F6A6}.Debug|x86.Build.0 = Debug|Any CPU
		{A1B2C3D4-5E72-4DEA-99AF-4E1A7384F6A6}.Release|Any CPU.ActiveCfg = Release|Any CPU
		{A1B2C3D4-5E72-4DEA-99AF-4E1A7384F6A6}.Release|Any CPU.Build.0 = Release|Any CPU
		{A1B2C3D4-5E72-4DEA-99AF-4E1A7384F6A6}.Release|x64.ActiveCfg = Release|Any CPU
		{A1B2C3D4-5E72-4DEA-99AF-4E1A7384F6A6}.Release|x64.Build.0 = Release|Any CPU
		{A1B2C3D4-5E72-4DEA-99AF-4E1A7384F6A6}.Release|x86.ActiveCfg = Release|Any CPU
		{A1B2C3D4-5E72-4DEA-99AF-4E1A7384F6A6}.Release|x86.Build.0 = Release|Any CPU
		{C8F2D3A2-5E72-4DEA-99AF-4E1A7384F6C2}.Debug|Any CPU.ActiveCfg = Debug|Any CPU
		{C8F2D3A2-5E72-4DEA-99AF-4E1A7384F6C2}.Debug|Any CPU.Build.0 = Debug|Any CPU
		{C8F2D3A2-5E72-4DEA-99AF-4E1A7384F6C2}.Debug|x64.ActiveCfg = Debug|Any CPU
		{C8F2D3A2-5E72-4DEA-99AF-4E1A7384F6C2}.Debug|x64.Build.0 = Debug|Any CPU
		{C8F2D3A2-5E72-4DEA-99AF-4E1A7384F6C2}.Debug|x86.ActiveCfg = Debug|Any CPU
		{C8F2D3A2-5E72-4DEA-99AF-4E1A7384F6C2}.Debug|x86.Build.0 = Debug|Any CPU
		{C8F2D3A2-5E72-4DEA-99AF-4E1A7384F6C2}.Release|Any CPU.ActiveCfg = Release|Any CPU
		{C8F2D3A2-5E72-4DEA-99AF-4E1A7384F6C2}.Release|Any CPU.Build.0 = Release|Any CPU
		{C8F2D3A2-5E72-4DEA-99AF-4E1A7384F6C2}.Release|x64.ActiveCfg = Release|Any CPU
		{C8F2D3A2-5E72-4DEA-99AF-4E1A7384F6C2}.Release|x64.Build.0 = Release|Any CPU
		{C8F2D3A2-5E72-4DEA-99AF-4E1A7384F6C2}.Release|x86.ActiveCfg = Release|Any CPU
		{C8F2D3A2-5E72-4DEA-99AF-4E1A7384F6C2}.Release|x86.Build.0 = Release|Any CPU
		{D8F2D3A3-5E72-4DEA-99AF-4E1A7384F6D3}.Debug|Any CPU.ActiveCfg = Debug|Any CPU
		{D8F2D3A3-5E72-4DEA-99AF-4E1A7384F6D3}.Debug|Any CPU.Build.0 = Debug|Any CPU
		{D8F2D3A3-5E72-4DEA-99AF-4E1A7384F6D3}.Debug|x64.ActiveCfg = Debug|Any CPU
		{D8F2D3A3-5E72-4DEA-99AF-4E1A7384F6D3}.Debug|x64.Build.0 = Debug|Any CPU
		{D8F2D3A3-5E72-4DEA-99AF-4E1A7384F6D3}.Debug|x86.ActiveCfg = Debug|Any CPU
		{D8F2D3A3-5E72-4DEA-99AF-4E1A7384F6D3}.Debug|x86.Build.0 = Debug|Any CPU
		{D8F2D3A3-5E72-4DEA-99AF-4E1A7384F6D3}.Release|Any CPU.ActiveCfg = Release|Any CPU
		{D8F2D3A3-5E72-4DEA-99AF-4E1A7384F6D3}.Release|Any CPU.Build.0 = Release|Any CPU
		{D8F2D3A3-5E72-4DEA-99AF-4E1A7384F6D3}.Release|x64.ActiveCfg = Release|Any CPU
		{D8F2D3A3-5E72-4DEA-99AF-4E1A7384F6D3}.Release|x64.Build.0 = Release|Any CPU
		{D8F2D3A3-5E72-4DEA-99AF-4E1A7384F6D3}.Release|x86.ActiveCfg = Release|Any CPU
		{D8F2D3A3-5E72-4DEA-99AF-4E1A7384F6D3}.Release|x86.Build.0 = Release|Any CPU
		{E8F2D3A4-5E72-4DEA-99AF-4E1A7384F6E4}.Debug|Any CPU.ActiveCfg = Debug|Any CPU
		{E8F2D3A4-5E72-4DEA-99AF-4E1A7384F6E4}.Debug|Any CPU.Build.0 = Debug|Any CPU
		{E8F2D3A4-5E72-4DEA-99AF-4E1A7384F6E4}.Debug|x64.ActiveCfg = Debug|Any CPU
		{E8F2D3A4-5E72-4DEA-99AF-4E1A7384F6E4}.Debug|x64.Build.0 = Debug|Any CPU
		{E8F2D3A4-5E72-4DEA-99AF-4E1A7384F6E4}.Debug|x86.ActiveCfg = Debug|Any CPU
		{E8F2D3A4-5E72-4DEA-99AF-4E1A7384F6E4}.Debug|x86.Build.0 = Debug|Any CPU
		{E8F2D3A4-5E72-4DEA-99AF-4E1A7384F6E4}.Release|Any CPU.ActiveCfg = Release|Any CPU
		{E8F2D3A4-5E72-4DEA-99AF-4E1A7384F6E4}.Release|Any CPU.Build.0 = Release|Any CPU
		{E8F2D3A4-5E72-4DEA-99AF-4E1A7384F6E4}.Release|x64.ActiveCfg = Release|Any CPU
		{E8F2D3A4-5E72-4DEA-99AF-4E1A7384F6E4}.Release|x64.Build.0 = Release|Any CPU
		{E8F2D3A4-5E72-4DEA-99AF-4E1A7384F6E4}.Release|x86.ActiveCfg = Release|Any CPU
		{E8F2D3A4-5E72-4DEA-99AF-4E1A7384F6E4}.Release|x86.Build.0 = Release|Any CPU
		{F2AACC29-CC7E-40EA-9E07-7A24EAF950F6}.Debug|Any CPU.ActiveCfg = Debug|Any CPU
		{F2AACC29-CC7E-40EA-9E07-7A24EAF950F6}.Debug|Any CPU.Build.0 = Debug|Any CPU
		{F2AACC29-CC7E-40EA-9E07-7A24EAF950F6}.Debug|x64.ActiveCfg = Debug|Any CPU
		{F2AACC29-CC7E-40EA-9E07-7A24EAF950F6}.Debug|x64.Build.0 = Debug|Any CPU
		{F2AACC29-CC7E-40EA-9E07-7A24EAF950F6}.Debug|x86.ActiveCfg = Debug|Any CPU
		{F2AACC29-CC7E-40EA-9E07-7A24EAF950F6}.Debug|x86.Build.0 = Debug|Any CPU
		{F2AACC29-CC7E-40EA-9E07-7A24EAF950F6}.Release|Any CPU.ActiveCfg = Release|Any CPU
		{F2AACC29-CC7E-40EA-9E07-7A24EAF950F6}.Release|Any CPU.Build.0 = Release|Any CPU
		{F2AACC29-CC7E-40EA-9E07-7A24EAF950F6}.Release|x64.ActiveCfg = Release|Any CPU
		{F2AACC29-CC7E-40EA-9E07-7A24EAF950F6}.Release|x64.Build.0 = Release|Any CPU
		{F2AACC29-CC7E-40EA-9E07-7A24EAF950F6}.Release|x86.ActiveCfg = Release|Any CPU
		{F2AACC29-CC7E-40EA-9E07-7A24EAF950F6}.Release|x86.Build.0 = Release|Any CPU
		{E5AEF93B-81DE-4635-973A-8C5B14B5ACC2}.Debug|Any CPU.ActiveCfg = Debug|Any CPU
		{E5AEF93B-81DE-4635-973A-8C5B14B5ACC2}.Debug|Any CPU.Build.0 = Debug|Any CPU
		{E5AEF93B-81DE-4635-973A-8C5B14B5ACC2}.Debug|x64.ActiveCfg = Debug|Any CPU
		{E5AEF93B-81DE-4635-973A-8C5B14B5ACC2}.Debug|x64.Build.0 = Debug|Any CPU
		{E5AEF93B-81DE-4635-973A-8C5B14B5ACC2}.Debug|x86.ActiveCfg = Debug|Any CPU
		{E5AEF93B-81DE-4635-973A-8C5B14B5ACC2}.Debug|x86.Build.0 = Debug|Any CPU
		{E5AEF93B-81DE-4635-973A-8C5B14B5ACC2}.Release|Any CPU.ActiveCfg = Release|Any CPU
		{E5AEF93B-81DE-4635-973A-8C5B14B5ACC2}.Release|Any CPU.Build.0 = Release|Any CPU
		{E5AEF93B-81DE-4635-973A-8C5B14B5ACC2}.Release|x64.ActiveCfg = Release|Any CPU
		{E5AEF93B-81DE-4635-973A-8C5B14B5ACC2}.Release|x64.Build.0 = Release|Any CPU
		{E5AEF93B-81DE-4635-973A-8C5B14B5ACC2}.Release|x86.ActiveCfg = Release|Any CPU
		{E5AEF93B-81DE-4635-973A-8C5B14B5ACC2}.Release|x86.Build.0 = Release|Any CPU
		{30D2E236-37F8-4DAB-AF7D-919359F5C373}.Debug|Any CPU.ActiveCfg = Debug|Any CPU
		{30D2E236-37F8-4DAB-AF7D-919359F5C373}.Debug|Any CPU.Build.0 = Debug|Any CPU
		{30D2E236-37F8-4DAB-AF7D-919359F5C373}.Debug|x64.ActiveCfg = Debug|Any CPU
		{30D2E236-37F8-4DAB-AF7D-919359F5C373}.Debug|x64.Build.0 = Debug|Any CPU
		{30D2E236-37F8-4DAB-AF7D-919359F5C373}.Debug|x86.ActiveCfg = Debug|Any CPU
		{30D2E236-37F8-4DAB-AF7D-919359F5C373}.Debug|x86.Build.0 = Debug|Any CPU
		{30D2E236-37F8-4DAB-AF7D-919359F5C373}.Release|Any CPU.ActiveCfg = Release|Any CPU
		{30D2E236-37F8-4DAB-AF7D-919359F5C373}.Release|Any CPU.Build.0 = Release|Any CPU
		{30D2E236-37F8-4DAB-AF7D-919359F5C373}.Release|x64.ActiveCfg = Release|Any CPU
		{30D2E236-37F8-4DAB-AF7D-919359F5C373}.Release|x64.Build.0 = Release|Any CPU
		{30D2E236-37F8-4DAB-AF7D-919359F5C373}.Release|x86.ActiveCfg = Release|Any CPU
		{30D2E236-37F8-4DAB-AF7D-919359F5C373}.Release|x86.Build.0 = Release|Any CPU
		{A755F2A9-EC16-42FE-B60D-CC8D6005603C}.Debug|Any CPU.ActiveCfg = Debug|Any CPU
		{A755F2A9-EC16-42FE-B60D-CC8D6005603C}.Debug|Any CPU.Build.0 = Debug|Any CPU
		{A755F2A9-EC16-42FE-B60D-CC8D6005603C}.Debug|x64.ActiveCfg = Debug|Any CPU
		{A755F2A9-EC16-42FE-B60D-CC8D6005603C}.Debug|x64.Build.0 = Debug|Any CPU
		{A755F2A9-EC16-42FE-B60D-CC8D6005603C}.Debug|x86.ActiveCfg = Debug|Any CPU
		{A755F2A9-EC16-42FE-B60D-CC8D6005603C}.Debug|x86.Build.0 = Debug|Any CPU
		{A755F2A9-EC16-42FE-B60D-CC8D6005603C}.Release|Any CPU.ActiveCfg = Release|Any CPU
		{A755F2A9-EC16-42FE-B60D-CC8D6005603C}.Release|Any CPU.Build.0 = Release|Any CPU
		{A755F2A9-EC16-42FE-B60D-CC8D6005603C}.Release|x64.ActiveCfg = Release|Any CPU
		{A755F2A9-EC16-42FE-B60D-CC8D6005603C}.Release|x64.Build.0 = Release|Any CPU
		{A755F2A9-EC16-42FE-B60D-CC8D6005603C}.Release|x86.ActiveCfg = Release|Any CPU
		{A755F2A9-EC16-42FE-B60D-CC8D6005603C}.Release|x86.Build.0 = Release|Any CPU
		{2D774F58-0F0A-4BEC-A192-E91C64DEE42E}.Debug|Any CPU.ActiveCfg = Debug|Any CPU
		{2D774F58-0F0A-4BEC-A192-E91C64DEE42E}.Debug|Any CPU.Build.0 = Debug|Any CPU
		{2D774F58-0F0A-4BEC-A192-E91C64DEE42E}.Debug|x64.ActiveCfg = Debug|Any CPU
		{2D774F58-0F0A-4BEC-A192-E91C64DEE42E}.Debug|x64.Build.0 = Debug|Any CPU
		{2D774F58-0F0A-4BEC-A192-E91C64DEE42E}.Debug|x86.ActiveCfg = Debug|Any CPU
		{2D774F58-0F0A-4BEC-A192-E91C64DEE42E}.Debug|x86.Build.0 = Debug|Any CPU
		{2D774F58-0F0A-4BEC-A192-E91C64DEE42E}.Release|Any CPU.ActiveCfg = Release|Any CPU
		{2D774F58-0F0A-4BEC-A192-E91C64DEE42E}.Release|Any CPU.Build.0 = Release|Any CPU
		{2D774F58-0F0A-4BEC-A192-E91C64DEE42E}.Release|x64.ActiveCfg = Release|Any CPU
		{2D774F58-0F0A-4BEC-A192-E91C64DEE42E}.Release|x64.Build.0 = Release|Any CPU
		{2D774F58-0F0A-4BEC-A192-E91C64DEE42E}.Release|x86.ActiveCfg = Release|Any CPU
		{2D774F58-0F0A-4BEC-A192-E91C64DEE42E}.Release|x86.Build.0 = Release|Any CPU
		{B9E8BCCB-A770-4899-96D4-D011C4E58844}.Debug|Any CPU.ActiveCfg = Debug|Any CPU
		{B9E8BCCB-A770-4899-96D4-D011C4E58844}.Debug|Any CPU.Build.0 = Debug|Any CPU
		{B9E8BCCB-A770-4899-96D4-D011C4E58844}.Debug|x64.ActiveCfg = Debug|Any CPU
		{B9E8BCCB-A770-4899-96D4-D011C4E58844}.Debug|x64.Build.0 = Debug|Any CPU
		{B9E8BCCB-A770-4899-96D4-D011C4E58844}.Debug|x86.ActiveCfg = Debug|Any CPU
		{B9E8BCCB-A770-4899-96D4-D011C4E58844}.Debug|x86.Build.0 = Debug|Any CPU
		{B9E8BCCB-A770-4899-96D4-D011C4E58844}.Release|Any CPU.ActiveCfg = Release|Any CPU
		{B9E8BCCB-A770-4899-96D4-D011C4E58844}.Release|Any CPU.Build.0 = Release|Any CPU
		{B9E8BCCB-A770-4899-96D4-D011C4E58844}.Release|x64.ActiveCfg = Release|Any CPU
		{B9E8BCCB-A770-4899-96D4-D011C4E58844}.Release|x64.Build.0 = Release|Any CPU
		{B9E8BCCB-A770-4899-96D4-D011C4E58844}.Release|x86.ActiveCfg = Release|Any CPU
		{B9E8BCCB-A770-4899-96D4-D011C4E58844}.Release|x86.Build.0 = Release|Any CPU
		{3BBD59F7-2483-4ED5-A764-B027A87ED65E}.Debug|Any CPU.ActiveCfg = Debug|Any CPU
		{3BBD59F7-2483-4ED5-A764-B027A87ED65E}.Debug|Any CPU.Build.0 = Debug|Any CPU
		{3BBD59F7-2483-4ED5-A764-B027A87ED65E}.Debug|x64.ActiveCfg = Debug|Any CPU
		{3BBD59F7-2483-4ED5-A764-B027A87ED65E}.Debug|x64.Build.0 = Debug|Any CPU
		{3BBD59F7-2483-4ED5-A764-B027A87ED65E}.Debug|x86.ActiveCfg = Debug|Any CPU
		{3BBD59F7-2483-4ED5-A764-B027A87ED65E}.Debug|x86.Build.0 = Debug|Any CPU
		{3BBD59F7-2483-4ED5-A764-B027A87ED65E}.Release|Any CPU.ActiveCfg = Release|Any CPU
		{3BBD59F7-2483-4ED5-A764-B027A87ED65E}.Release|Any CPU.Build.0 = Release|Any CPU
		{3BBD59F7-2483-4ED5-A764-B027A87ED65E}.Release|x64.ActiveCfg = Release|Any CPU
		{3BBD59F7-2483-4ED5-A764-B027A87ED65E}.Release|x64.Build.0 = Release|Any CPU
		{3BBD59F7-2483-4ED5-A764-B027A87ED65E}.Release|x86.ActiveCfg = Release|Any CPU
		{3BBD59F7-2483-4ED5-A764-B027A87ED65E}.Release|x86.Build.0 = Release|Any CPU
	EndGlobalSection
	GlobalSection(SolutionProperties) = preSolution
		HideSolutionNode = FALSE
	EndGlobalSection
	GlobalSection(NestedProjects) = preSolution
		{9CF554FB-FDAD-493F-A0DA-216D91192F8E} = {79C19A6C-5E72-4DEA-99AF-4E1A7384F6A0}
		{B8F2D3A1-5E72-4DEA-99AF-4E1A7384F6B1} = {79C19A6C-5E72-4DEA-99AF-4E1A7384F6A0}
		{F9F2D3A5-5E72-4DEA-99AF-4E1A7384F6F5} = {79C19A6C-5E72-4DEA-99AF-4E1A7384F6A0}
		{4EB69D7B-3DF0-4716-81A7-4621A0F27B94} = {D19C8607-45C6-4DAB-BC07-5DB44155B813}
		{A1B2C3D4-5E72-4DEA-99AF-4E1A7384F6A6} = {D19C8607-45C6-4DAB-BC07-5DB44155B813}
		{C8F2D3A2-5E72-4DEA-99AF-4E1A7384F6C2} = {E19C8607-45C6-4DAB-BC07-5DB44155B814}
		{D8F2D3A3-5E72-4DEA-99AF-4E1A7384F6D3} = {F19C8607-45C6-4DAB-BC07-5DB44155B815}
		{E8F2D3A4-5E72-4DEA-99AF-4E1A7384F6E4} = {A19C8607-45C6-4DAB-BC07-5DB44155B816}
		{F2AACC29-CC7E-40EA-9E07-7A24EAF950F6} = {79C19A6C-5E72-4DEA-99AF-4E1A7384F6A0}
		{E5AEF93B-81DE-4635-973A-8C5B14B5ACC2} = {79C19A6C-5E72-4DEA-99AF-4E1A7384F6A0}
		{30D2E236-37F8-4DAB-AF7D-919359F5C373} = {79C19A6C-5E72-4DEA-99AF-4E1A7384F6A0}
		{A755F2A9-EC16-42FE-B60D-CC8D6005603C} = {79C19A6C-5E72-4DEA-99AF-4E1A7384F6A0}
		{2D774F58-0F0A-4BEC-A192-E91C64DEE42E} = {79C19A6C-5E72-4DEA-99AF-4E1A7384F6A0}
		{B9E8BCCB-A770-4899-96D4-D011C4E58844} = {79C19A6C-5E72-4DEA-99AF-4E1A7384F6A0}
		{3BBD59F7-2483-4ED5-A764-B027A87ED65E} = {79C19A6C-5E72-4DEA-99AF-4E1A7384F6A0}
	EndGlobalSection
EndGlobal
